
Microsoft Visual Studio Solution File, Format Version 11.00
# Visual Studio 2010
Project("{FAE04EC0-301F-11D3-BF4B-00C04F79EFBC}") = "ToDoLib", "ToDoLib\ToDoLib.csproj", "{07AA9CEA-4EF0-4B47-AFBD-6F74AD9C4653}"
EndProject
Project("{FAE04EC0-301F-11D3-BF4B-00C04F79EFBC}") = "ToDoTests", "ToDoTests\ToDoTests.csproj", "{11B849E6-E525-4AE8-B6C8-4CE6FE9C0338}"
EndProject
Project("{FAE04EC0-301F-11D3-BF4B-00C04F79EFBC}") = "Client", "Client\Client.csproj", "{FC3F905A-DEE1-454E-8746-936492D66CF2}"
EndProject
Project("{2150E333-8FDC-42A3-9474-1A3956D46DE8}") = "Solution Items", "Solution Items", "{D319B4BA-4A63-44EE-8B73-1CE76F48A108}"
	ProjectSection(SolutionItems) = preProject
		BSD_LICENSE.txt = BSD_LICENSE.txt
		README.md = README.md
		Updates.xml = Updates.xml
	EndProjectSection
EndProject
Project("{54435603-DBB4-11D2-8724-00A0C9A8B90C}") = "NewInstaller", "NewInstaller\NewInstaller.vdproj", "{5ACB819D-A073-4645-8035-339B28276310}"
EndProject
Global
	GlobalSection(SolutionConfigurationPlatforms) = preSolution
		Debug|Any CPU = Debug|Any CPU
		Debug|Mixed Platforms = Debug|Mixed Platforms
		Debug|x86 = Debug|x86
		Release|Any CPU = Release|Any CPU
		Release|Mixed Platforms = Release|Mixed Platforms
		Release|x86 = Release|x86
	EndGlobalSection
	GlobalSection(ProjectConfigurationPlatforms) = postSolution
		{07AA9CEA-4EF0-4B47-AFBD-6F74AD9C4653}.Debug|Any CPU.ActiveCfg = Debug|Any CPU
		{07AA9CEA-4EF0-4B47-AFBD-6F74AD9C4653}.Debug|Any CPU.Build.0 = Debug|Any CPU
		{07AA9CEA-4EF0-4B47-AFBD-6F74AD9C4653}.Debug|Mixed Platforms.ActiveCfg = Debug|Any CPU
		{07AA9CEA-4EF0-4B47-AFBD-6F74AD9C4653}.Debug|Mixed Platforms.Build.0 = Debug|Any CPU
		{07AA9CEA-4EF0-4B47-AFBD-6F74AD9C4653}.Debug|x86.ActiveCfg = Debug|Any CPU
		{07AA9CEA-4EF0-4B47-AFBD-6F74AD9C4653}.Release|Any CPU.ActiveCfg = Release|Any CPU
		{07AA9CEA-4EF0-4B47-AFBD-6F74AD9C4653}.Release|Any CPU.Build.0 = Release|Any CPU
		{07AA9CEA-4EF0-4B47-AFBD-6F74AD9C4653}.Release|Mixed Platforms.ActiveCfg = Release|Any CPU
		{07AA9CEA-4EF0-4B47-AFBD-6F74AD9C4653}.Release|Mixed Platforms.Build.0 = Release|Any CPU
		{07AA9CEA-4EF0-4B47-AFBD-6F74AD9C4653}.Release|x86.ActiveCfg = Release|Any CPU
		{11B849E6-E525-4AE8-B6C8-4CE6FE9C0338}.Debug|Any CPU.ActiveCfg = Debug|Any CPU
		{11B849E6-E525-4AE8-B6C8-4CE6FE9C0338}.Debug|Any CPU.Build.0 = Debug|Any CPU
		{11B849E6-E525-4AE8-B6C8-4CE6FE9C0338}.Debug|Mixed Platforms.ActiveCfg = Debug|Any CPU
		{11B849E6-E525-4AE8-B6C8-4CE6FE9C0338}.Debug|Mixed Platforms.Build.0 = Debug|Any CPU
		{11B849E6-E525-4AE8-B6C8-4CE6FE9C0338}.Debug|x86.ActiveCfg = Debug|Any CPU
		{11B849E6-E525-4AE8-B6C8-4CE6FE9C0338}.Release|Any CPU.ActiveCfg = Release|Any CPU
		{11B849E6-E525-4AE8-B6C8-4CE6FE9C0338}.Release|Any CPU.Build.0 = Release|Any CPU
		{11B849E6-E525-4AE8-B6C8-4CE6FE9C0338}.Release|Mixed Platforms.ActiveCfg = Release|Any CPU
		{11B849E6-E525-4AE8-B6C8-4CE6FE9C0338}.Release|Mixed Platforms.Build.0 = Release|Any CPU
		{11B849E6-E525-4AE8-B6C8-4CE6FE9C0338}.Release|x86.ActiveCfg = Release|Any CPU
		{FC3F905A-DEE1-454E-8746-936492D66CF2}.Debug|Any CPU.ActiveCfg = Debug|x86
		{FC3F905A-DEE1-454E-8746-936492D66CF2}.Debug|Mixed Platforms.ActiveCfg = Debug|x86
		{FC3F905A-DEE1-454E-8746-936492D66CF2}.Debug|Mixed Platforms.Build.0 = Debug|x86
		{FC3F905A-DEE1-454E-8746-936492D66CF2}.Debug|x86.ActiveCfg = Debug|x86
		{FC3F905A-DEE1-454E-8746-936492D66CF2}.Debug|x86.Build.0 = Debug|x86
		{FC3F905A-DEE1-454E-8746-936492D66CF2}.Release|Any CPU.ActiveCfg = Release|x86
		{FC3F905A-DEE1-454E-8746-936492D66CF2}.Release|Mixed Platforms.ActiveCfg = Release|x86
		{FC3F905A-DEE1-454E-8746-936492D66CF2}.Release|Mixed Platforms.Build.0 = Release|x86
		{FC3F905A-DEE1-454E-8746-936492D66CF2}.Release|x86.ActiveCfg = Release|x86
		{FC3F905A-DEE1-454E-8746-936492D66CF2}.Release|x86.Build.0 = Release|x86
		{5ACB819D-A073-4645-8035-339B28276310}.Debug|Any CPU.ActiveCfg = Debug
		{5ACB819D-A073-4645-8035-339B28276310}.Debug|Mixed Platforms.ActiveCfg = Debug
		{5ACB819D-A073-4645-8035-339B28276310}.Debug|x86.ActiveCfg = Debug
		{5ACB819D-A073-4645-8035-339B28276310}.Release|Any CPU.ActiveCfg = Release
		{5ACB819D-A073-4645-8035-339B28276310}.Release|Mixed Platforms.ActiveCfg = Release
		{5ACB819D-A073-4645-8035-339B28276310}.Release|Mixed Platforms.Build.0 = Release
		{5ACB819D-A073-4645-8035-339B28276310}.Release|x86.ActiveCfg = Release
	EndGlobalSection
	GlobalSection(SolutionProperties) = preSolution
		HideSolutionNode = FALSE
	EndGlobalSection
EndGlobal
